// !$*UTF8*$!
{
	archiveVersion = 1;
	classes = {
	};
	objectVersion = 48;
	objects = {

/* Begin PBXBuildFile section */
		4089EF511FADA6C2000D42FB /* AppDelegate.swift in Sources */ = {isa = PBXBuildFile; fileRef = 4089EF501FADA6C2000D42FB /* AppDelegate.swift */; };
		4089EF531FADA6C2000D42FB /* ViewController.swift in Sources */ = {isa = PBXBuildFile; fileRef = 4089EF521FADA6C2000D42FB /* ViewController.swift */; };
		4089EF561FADA6C2000D42FB /* Main.storyboard in Resources */ = {isa = PBXBuildFile; fileRef = 4089EF541FADA6C2000D42FB /* Main.storyboard */; };
		4089EF581FADA6C2000D42FB /* Assets.xcassets in Resources */ = {isa = PBXBuildFile; fileRef = 4089EF571FADA6C2000D42FB /* Assets.xcassets */; };
		4089EF5B1FADA6C2000D42FB /* LaunchScreen.storyboard in Resources */ = {isa = PBXBuildFile; fileRef = 4089EF591FADA6C2000D42FB /* LaunchScreen.storyboard */; };
		4089EF631FADA6F2000D42FB /* ACButton.swift in Sources */ = {isa = PBXBuildFile; fileRef = 4089EF621FADA6F2000D42FB /* ACButton.swift */; };
/* End PBXBuildFile section */

/* Begin PBXFileReference section */
		4089EF4D1FADA6C2000D42FB /* ACButton.app */ = {isa = PBXFileReference; explicitFileType = wrapper.application; includeInIndex = 0; path = ACButton.app; sourceTree = BUILT_PRODUCTS_DIR; };
		4089EF501FADA6C2000D42FB /* AppDelegate.swift */ = {isa = PBXFileReference; lastKnownFileType = sourcecode.swift; path = AppDelegate.swift; sourceTree = "<group>"; };
		4089EF521FADA6C2000D42FB /* ViewController.swift */ = {isa = PBXFileReference; lastKnownFileType = sourcecode.swift; path = ViewController.swift; sourceTree = "<group>"; };
		4089EF551FADA6C2000D42FB /* Base */ = {isa = PBXFileReference; lastKnownFileType = file.storyboard; name = Base; path = Base.lproj/Main.storyboard; sourceTree = "<group>"; };
		4089EF571FADA6C2000D42FB /* Assets.xcassets */ = {isa = PBXFileReference; lastKnownFileType = folder.assetcatalog; path = Assets.xcassets; sourceTree = "<group>"; };
		4089EF5A1FADA6C2000D42FB /* Base */ = {isa = PBXFileReference; lastKnownFileType = file.storyboard; name = Base; path = Base.lproj/LaunchScreen.storyboard; sourceTree = "<group>"; };
		4089EF5C1FADA6C2000D42FB /* Info.plist */ = {isa = PBXFileReference; lastKnownFileType = text.plist.xml; path = Info.plist; sourceTree = "<group>"; };
		4089EF621FADA6F2000D42FB /* ACButton.swift */ = {isa = PBXFileReference; lastKnownFileType = sourcecode.swift; path = ACButton.swift; sourceTree = "<group>"; };
/* End PBXFileReference section */

/* Begin PBXFrameworksBuildPhase section */
		4089EF4A1FADA6C2000D42FB /* Frameworks */ = {
			isa = PBXFrameworksBuildPhase;
			buildActionMask = 2147483647;
			files = (
			);
			runOnlyForDeploymentPostprocessing = 0;
		};
/* End PBXFrameworksBuildPhase section */

/* Begin PBXGroup section */
		4089EF441FADA6C2000D42FB = {
			isa = PBXGroup;
			children = (
				4089EF4F1FADA6C2000D42FB /* ACButton */,
				4089EF4E1FADA6C2000D42FB /* Products */,
			);
			sourceTree = "<group>";
		};
		4089EF4E1FADA6C2000D42FB /* Products */ = {
			isa = PBXGroup;
			children = (
				4089EF4D1FADA6C2000D42FB /* ACButton.app */,
			);
			name = Products;
			sourceTree = "<group>";
		};
		4089EF4F1FADA6C2000D42FB /* ACButton */ = {
			isa = PBXGroup;
			children = (
				4089EF501FADA6C2000D42FB /* AppDelegate.swift */,
				4089EF521FADA6C2000D42FB /* ViewController.swift */,
				4089EF621FADA6F2000D42FB /* ACButton.swift */,
				4089EF541FADA6C2000D42FB /* Main.storyboard */,
				4089EF571FADA6C2000D42FB /* Assets.xcassets */,
				4089EF591FADA6C2000D42FB /* LaunchScreen.storyboard */,
				4089EF5C1FADA6C2000D42FB /* Info.plist */,
			);
			path = ACButton;
			sourceTree = "<group>";
		};
/* End PBXGroup section */

/* Begin PBXNativeTarget section */
		4089EF4C1FADA6C2000D42FB /* ACButton */ = {
			isa = PBXNativeTarget;
			buildConfigurationList = 4089EF5F1FADA6C2000D42FB /* Build configuration list for PBXNativeTarget "ACButton" */;
			buildPhases = (
				4089EF491FADA6C2000D42FB /* Sources */,
				4089EF4A1FADA6C2000D42FB /* Frameworks */,
				4089EF4B1FADA6C2000D42FB /* Resources */,
			);
			buildRules = (
			);
			dependencies = (
			);
			name = ACButton;
			productName = ACButton;
			productReference = 4089EF4D1FADA6C2000D42FB /* ACButton.app */;
			productType = "com.apple.product-type.application";
		};
/* End PBXNativeTarget section */

/* Begin PBXProject section */
		4089EF451FADA6C2000D42FB /* Project object */ = {
			isa = PBXProject;
			attributes = {
				LastSwiftUpdateCheck = 0910;
				LastUpgradeCheck = 0910;
				ORGANIZATIONNAME = ADDICE;
				TargetAttributes = {
					4089EF4C1FADA6C2000D42FB = {
						CreatedOnToolsVersion = 9.1;
						ProvisioningStyle = Automatic;
					};
				};
			};
			buildConfigurationList = 4089EF481FADA6C2000D42FB /* Build configuration list for PBXProject "ACButton" */;
			compatibilityVersion = "Xcode 8.0";
			developmentRegion = en;
			hasScannedForEncodings = 0;
			knownRegions = (
				en,
				Base,
			);
			mainGroup = 4089EF441FADA6C2000D42FB;
			productRefGroup = 4089EF4E1FADA6C2000D42FB /* Products */;
			projectDirPath = "";
			projectRoot = "";
			targets = (
				4089EF4C1FADA6C2000D42FB /* ACButton */,
			);
		};
/* End PBXProject section */

/* Begin PBXResourcesBuildPhase section */
		4089EF4B1FADA6C2000D42FB /* Resources */ = {
			isa = PBXResourcesBuildPhase;
			buildActionMask = 2147483647;
			files = (
				4089EF5B1FADA6C2000D42FB /* LaunchScreen.storyboard in Resources */,
				4089EF581FADA6C2000D42FB /* Assets.xcassets in Resources */,
				4089EF561FADA6C2000D42FB /* Main.storyboard in Resources */,
			);
			runOnlyForDeploymentPostprocessing = 0;
		};
/* End PBXResourcesBuildPhase section */

/* Begin PBXSourcesBuildPhase section */
		4089EF491FADA6C2000D42FB /* Sources */ = {
			isa = PBXSourcesBuildPhase;
			buildActionMask = 2147483647;
			files = (
				4089EF531FADA6C2000D42FB /* ViewController.swift in Sources */,
				4089EF511FADA6C2000D42FB /* AppDelegate.swift in Sources */,
				4089EF631FADA6F2000D42FB /* ACButton.swift in Sources */,
			);
			runOnlyForDeploymentPostprocessing = 0;
		};
/* End PBXSourcesBuildPhase section */

/* Begin PBXVariantGroup section */
		4089EF541FADA6C2000D42FB /* Main.storyboard */ = {
			isa = PBXVariantGroup;
			children = (
				4089EF551FADA6C2000D42FB /* Base */,
			);
			name = Main.storyboard;
			sourceTree = "<group>";
		};
		4089EF591FADA6C2000D42FB /* LaunchScreen.storyboard */ = {
			isa = PBXVariantGroup;
			children = (
				4089EF5A1FADA6C2000D42FB /* Base */,
			);
			name = LaunchScreen.storyboard;
			sourceTree = "<group>";
		};
/* End PBXVariantGroup section */

/* Begin XCBuildConfiguration section */
		4089EF5D1FADA6C2000D42FB /* Debug */ = {
			isa = XCBuildConfiguration;
			buildSettings = {
				ALWAYS_SEARCH_USER_PATHS = NO;
				CLANG_ANALYZER_NONNULL = YES;
				CLANG_ANALYZER_NUMBER_OBJECT_CONVERSION = YES_AGGRESSIVE;
				CLANG_CXX_LANGUAGE_STANDARD = "gnu++14";
				CLANG_CXX_LIBRARY = "libc++";
				CLANG_ENABLE_MODULES = YES;
				CLANG_ENABLE_OBJC_ARC = YES;
				CLANG_WARN_BLOCK_CAPTURE_AUTORELEASING = YES;
				CLANG_WARN_BOOL_CONVERSION = YES;
				CLANG_WARN_COMMA = YES;
				CLANG_WARN_CONSTANT_CONVERSION = YES;
				CLANG_WARN_DIRECT_OBJC_ISA_USAGE = YES_ERROR;
				CLANG_WARN_DOCUMENTATION_COMMENTS = YES;
				CLANG_WARN_EMPTY_BODY = YES;
				CLANG_WARN_ENUM_CONVERSION = YES;
				CLANG_WARN_INFINITE_RECURSION = YES;
				CLANG_WARN_INT_CONVERSION = YES;
				CLANG_WARN_NON_LITERAL_NULL_CONVERSION = YES;
				CLANG_WARN_OBJC_LITERAL_CONVERSION = YES;
				CLANG_WARN_OBJC_ROOT_CLASS = YES_ERROR;
				CLANG_WARN_RANGE_LOOP_ANALYSIS = YES;
				CLANG_WARN_STRICT_PROTOTYPES = YES;
				CLANG_WARN_SUSPICIOUS_MOVE = YES;
				CLANG_WARN_UNGUARDED_AVAILABILITY = YES_AGGRESSIVE;
				CLANG_WARN_UNREACHABLE_CODE = YES;
				CLANG_WARN__DUPLICATE_METHOD_MATCH = YES;
				CODE_SIGN_IDENTITY = "iPhone Developer";
				COPY_PHASE_STRIP = NO;
				DEBUG_INFORMATION_FORMAT = dwarf;
				ENABLE_STRICT_OBJC_MSGSEND = YES;
				ENABLE_TESTABILITY = YES;
				GCC_C_LANGUAGE_STANDARD = gnu11;
				GCC_DYNAMIC_NO_PIC = NO;
				GCC_NO_COMMON_BLOCKS = YES;
				GCC_OPTIMIZATION_LEVEL = 0;
				GCC_PREPROCESSOR_DEFINITIONS = (
					"DEBUG=1",
					"$(inherited)",
				);
				GCC_WARN_64_TO_32_BIT_CONVERSION = YES;
				GCC_WARN_ABOUT_RETURN_TYPE = YES_ERROR;
				GCC_WARN_UNDECLARED_SELECTOR = YES;
				GCC_WARN_UNINITIALIZED_AUTOS = YES_AGGRESSIVE;
				GCC_WARN_UNUSED_FUNCTION = YES;
				GCC_WARN_UNUSED_VARIABLE = YES;
				IPHONEOS_DEPLOYMENT_TARGET = 11.1;
				MTL_ENABLE_DEBUG_INFO = YES;
				ONLY_ACTIVE_ARCH = YES;
				SDKROOT = iphoneos;
				SWIFT_ACTIVE_COMPILATION_CONDITIONS = DEBUG;
				SWIFT_OPTIMIZATION_LEVEL = "-Onone";
			};
			name = Debug;
		};
		4089EF5E1FADA6C2000D42FB /* Release */ = {
			isa = XCBuildConfiguration;
			buildSettings = {
				ALWAYS_SEARCH_USER_PATHS = NO;
				CLANG_ANALYZER_NONNULL = YES;
				CLANG_ANALYZER_NUMBER_OBJECT_CONVERSION = YES_AGGRESSIVE;
				CLANG_CXX_LANGUAGE_STANDARD = "gnu++14";
				CLANG_CXX_LIBRARY = "libc++";
				CLANG_ENABLE_MODULES = YES;
				CLANG_ENABLE_OBJC_ARC = YES;
				CLANG_WARN_BLOCK_CAPTURE_AUTORELEASING = YES;
				CLANG_WARN_BOOL_CONVERSION = YES;
				CLANG_WARN_COMMA = YES;
				CLANG_WARN_CONSTANT_CONVERSION = YES;
				CLANG_WARN_DIRECT_OBJC_ISA_USAGE = YES_ERROR;
				CLANG_WARN_DOCUMENTATION_COMMENTS = YES;
				CLANG_WARN_EMPTY_BODY = YES;
				CLANG_WARN_ENUM_CONVERSION = YES;
				CLANG_WARN_INFINITE_RECURSION = YES;
				CLANG_WARN_INT_CONVERSION = YES;
				CLANG_WARN_NON_LITERAL_NULL_CONVERSION = YES;
				CLANG_WARN_OBJC_LITERAL_CONVERSION = YES;
				CLANG_WARN_OBJC_ROOT_CLASS = YES_ERROR;
				CLANG_WARN_RANGE_LOOP_ANALYSIS = YES;
				CLANG_WARN_STRICT_PROTOTYPES = YES;
				CLANG_WARN_SUSPICIOUS_MOVE = YES;
				CLANG_WARN_UNGUARDED_AVAILABILITY = YES_AGGRESSIVE;
				CLANG_WARN_UNREACHABLE_CODE = YES;
				CLANG_WARN__DUPLICATE_METHOD_MATCH = YES;
				CODE_SIGN_IDENTITY = "iPhone Developer";
				COPY_PHASE_STRIP = NO;
				DEBUG_INFORMATION_FORMAT = "dwarf-with-dsym";
				ENABLE_NS_ASSERTIONS = NO;
				ENABLE_STRICT_OBJC_MSGSEND = YES;
				GCC_C_LANGUAGE_STANDARD = gnu11;
				GCC_NO_COMMON_BLOCKS = YES;
				GCC_WARN_64_TO_32_BIT_CONVERSION = YES;
				GCC_WARN_ABOUT_RETURN_TYPE = YES_ERROR;
				GCC_WARN_UNDECLARED_SELECTOR = YES;
				GCC_WARN_UNINITIALIZED_AUTOS = YES_AGGRESSIVE;
				GCC_WARN_UNUSED_FUNCTION = YES;
				GCC_WARN_UNUSED_VARIABLE = YES;
				IPHONEOS_DEPLOYMENT_TARGET = 11.1;
				MTL_ENABLE_DEBUG_INFO = NO;
				SDKROOT = iphoneos;
				SWIFT_OPTIMIZATION_LEVEL = "-Owholemodule";
				VALIDATE_PRODUCT = YES;
			};
			name = Release;
		};
		4089EF601FADA6C2000D42FB /* Debug */ = {
			isa = XCBuildConfiguration;
			buildSettings = {
				ASSETCATALOG_COMPILER_APPICON_NAME = AppIcon;
				CODE_SIGN_STYLE = Automatic;
				INFOPLIST_FILE = ACButton/Info.plist;
				LD_RUNPATH_SEARCH_PATHS = "$(inherited) @executable_path/Frameworks";
				PRODUCT_BUNDLE_IDENTIFIER = ADDICE.ACButton;
				PRODUCT_NAME = "$(TARGET_NAME)";
				SWIFT_VERSION = 4.0;
				TARGETED_DEVICE_FAMILY = "1,2";
			};
			name = Debug;
		};
		4089EF611FADA6C2000D42FB /* Release */ = {
			isa = XCBuildConfiguration;
			buildSettings = {
				ASSETCATALOG_COMPILER_APPICON_NAME = AppIcon;
				CODE_SIGN_STYLE = Automatic;
				INFOPLIST_FILE = ACButton/Info.plist;
				LD_RUNPATH_SEARCH_PATHS = "$(inherited) @executable_path/Frameworks";
				PRODUCT_BUNDLE_IDENTIFIER = ADDICE.ACButton;
				PRODUCT_NAME = "$(TARGET_NAME)";
				SWIFT_VERSION = 4.0;
				TARGETED_DEVICE_FAMILY = "1,2";
			};
			name = Release;
		};
/* End XCBuildConfiguration section */

/* Begin XCConfigurationList section */
		4089EF481FADA6C2000D42FB /* Build configuration list for PBXProject "ACButton" */ = {
			isa = XCConfigurationList;
			buildConfigurations = (
				4089EF5D1FADA6C2000D42FB /* Debug */,
				4089EF5E1FADA6C2000D42FB /* Release */,
			);
			defaultConfigurationIsVisible = 0;
			defaultConfigurationName = Release;
		};
		4089EF5F1FADA6C2000D42FB /* Build configuration list for PBXNativeTarget "ACButton" */ = {
			isa = XCConfigurationList;
			buildConfigurations = (
				4089EF601FADA6C2000D42FB /* Debug */,
				4089EF611FADA6C2000D42FB /* Release */,
			);
			defaultConfigurationIsVisible = 0;
			defaultConfigurationName = Release;
		};
/* End XCConfigurationList section */
	};
	rootObject = 4089EF451FADA6C2000D42FB /* Project object */;
}
